// !$*UTF8*$!
{
	archiveVersion = 1;
	classes = {
	};
	objectVersion = 55;
	objects = {

/* Begin PBXBuildFile section */
		11977D6B2884E3920033CBB6 /* PrincipleViewController.swift in Sources */ = {isa = PBXBuildFile; fileRef = 11977D6A2884E3920033CBB6 /* PrincipleViewController.swift */; };
		11977D6D288532890033CBB6 /* PrincipleTexts.swift in Sources */ = {isa = PBXBuildFile; fileRef = 11977D6C288532890033CBB6 /* PrincipleTexts.swift */; };
		11977D6F28853B120033CBB6 /* PrincipleModel.swift in Sources */ = {isa = PBXBuildFile; fileRef = 11977D6E28853B120033CBB6 /* PrincipleModel.swift */; };
		11B165642886A5CE008D2456 /* PrincipleEndViewController.swift in Sources */ = {isa = PBXBuildFile; fileRef = 11B165632886A5CE008D2456 /* PrincipleEndViewController.swift */; };
		11B62AA5288E65BD00724875 /* PrincipleCollectionViewCell.swift in Sources */ = {isa = PBXBuildFile; fileRef = 11B62AA4288E65BD00724875 /* PrincipleCollectionViewCell.swift */; };
		11BA068A28C84BDD00E706AD /* Localizable.strings in Resources */ = {isa = PBXBuildFile; fileRef = 11BA068C28C84BDD00E706AD /* Localizable.strings */; };
		11BA069028C84D9400E706AD /* StringExtension.swift in Sources */ = {isa = PBXBuildFile; fileRef = 11BA068F28C84D9400E706AD /* StringExtension.swift */; };
		11BA069528C87F8700E706AD /* TopMenu.storyboard in Resources */ = {isa = PBXBuildFile; fileRef = 11BA069728C87F8700E706AD /* TopMenu.storyboard */; };
		11BA06A028C8802C00E706AD /* Principle.storyboard in Resources */ = {isa = PBXBuildFile; fileRef = 11BA06A228C8802C00E706AD /* Principle.storyboard */; };
		11BA06A928C8806A00E706AD /* Vowel.storyboard in Resources */ = {isa = PBXBuildFile; fileRef = 11BA06AB28C8806A00E706AD /* Vowel.storyboard */; };
		11BA06B228C880AE00E706AD /* LastVowel.storyboard in Resources */ = {isa = PBXBuildFile; fileRef = 11BA06B428C880AE00E706AD /* LastVowel.storyboard */; };
		11BA06BB28C8820800E706AD /* Consonant.storyboard in Resources */ = {isa = PBXBuildFile; fileRef = 11BA06BD28C8820800E706AD /* Consonant.storyboard */; };
		11BA06C428C8824500E706AD /* InformationModal.storyboard in Resources */ = {isa = PBXBuildFile; fileRef = 11BA06C628C8824500E706AD /* InformationModal.storyboard */; };
		11BA06CD28C8828A00E706AD /* Batchim.storyboard in Resources */ = {isa = PBXBuildFile; fileRef = 11BA06CF28C8828A00E706AD /* Batchim.storyboard */; };
		11BA06D628C8831000E706AD /* Quiz.storyboard in Resources */ = {isa = PBXBuildFile; fileRef = 11BA06D828C8831000E706AD /* Quiz.storyboard */; };
		11BA06DF28C883D700E706AD /* HangulView.storyboard in Resources */ = {isa = PBXBuildFile; fileRef = 11BA06E128C883D700E706AD /* HangulView.storyboard */; };
		11E03FEB2893AEDC00240DCA /* InformationModalViewController.swift in Sources */ = {isa = PBXBuildFile; fileRef = 11E03FEA2893AEDC00240DCA /* InformationModalViewController.swift */; };
		11E03FED2893B6F000240DCA /* InformationModalModel.swift in Sources */ = {isa = PBXBuildFile; fileRef = 11E03FEC2893B6F000240DCA /* InformationModalModel.swift */; };
		4D31A732288460D600589672 /* ConsonantViewController.swift in Sources */ = {isa = PBXBuildFile; fileRef = 4D31A731288460D600589672 /* ConsonantViewController.swift */; };
		4D31A7542886C9C900589672 /* CollectionViewCell.swift in Sources */ = {isa = PBXBuildFile; fileRef = 4D31A7532886C9C900589672 /* CollectionViewCell.swift */; };
		4D31D55D288D9DBC005E2F53 /* QuizViewController.swift in Sources */ = {isa = PBXBuildFile; fileRef = 4D31D55C288D9DBC005E2F53 /* QuizViewController.swift */; };
		4D4927FB2897B01A00FD0175 /* consonant.json in Resources */ = {isa = PBXBuildFile; fileRef = 4D4927FA2897B01A00FD0175 /* consonant.json */; };
		4D4928022898262E00FD0175 /* Main.storyboard in Resources */ = {isa = PBXBuildFile; fileRef = 4D4928042898262E00FD0175 /* Main.storyboard */; };
		4D89B9CF28891CEA00BD37F7 /* ConsonantEndViewController.swift in Sources */ = {isa = PBXBuildFile; fileRef = 4D89B9CE28891CEA00BD37F7 /* ConsonantEndViewController.swift */; };
		4D89B9D128891E9B00BD37F7 /* BatchimEndViewController.swift in Sources */ = {isa = PBXBuildFile; fileRef = 4D89B9D028891E9B00BD37F7 /* BatchimEndViewController.swift */; };
		6761C8AA288550F4001A0D2C /* BatchimModel.swift in Sources */ = {isa = PBXBuildFile; fileRef = 6761C8A9288550F4001A0D2C /* BatchimModel.swift */; };
		67E52E6D2882BA4300BC1205 /* BatchimViewController.swift in Sources */ = {isa = PBXBuildFile; fileRef = 67E52E6C2882BA4300BC1205 /* BatchimViewController.swift */; };
		A06C5ABD289301F2008CE8BF /* EBS훈민정음L.otf in Resources */ = {isa = PBXBuildFile; fileRef = A06C5ABA289301F2008CE8BF /* EBS훈민정음L.otf */; };
		A06C5ABE289301F2008CE8BF /* EBS훈민정음SB.otf in Resources */ = {isa = PBXBuildFile; fileRef = A06C5ABB289301F2008CE8BF /* EBS훈민정음SB.otf */; };
		A06C5ABF289301F2008CE8BF /* EBS훈민정음R.otf in Resources */ = {isa = PBXBuildFile; fileRef = A06C5ABC289301F2008CE8BF /* EBS훈민정음R.otf */; };
		A082B9C42882B9FA006F29CC /* VowelViewController.swift in Sources */ = {isa = PBXBuildFile; fileRef = A082B9C32882B9FA006F29CC /* VowelViewController.swift */; };
		A0AFCE8F28873A7400C51FEA /* LastVowelViewController.swift in Sources */ = {isa = PBXBuildFile; fileRef = A0AFCE8E28873A7300C51FEA /* LastVowelViewController.swift */; };
		D57C31982896F5A200DCBC68 /* Lottie in Frameworks */ = {isa = PBXBuildFile; productRef = D57C31972896F5A200DCBC68 /* Lottie */; };
		D57C319B2896F60F00DCBC68 /* LottieManage.swift in Sources */ = {isa = PBXBuildFile; fileRef = D57C319A2896F60F00DCBC68 /* LottieManage.swift */; };
		D57C31A02896F81900DCBC68 /* quiz.json in Resources */ = {isa = PBXBuildFile; fileRef = D57C319C2896F81800DCBC68 /* quiz.json */; };
		D57C31A12896F81900DCBC68 /* batchim.json in Resources */ = {isa = PBXBuildFile; fileRef = D57C319D2896F81800DCBC68 /* batchim.json */; };
		D57C31A22896F81900DCBC68 /* vowel.json in Resources */ = {isa = PBXBuildFile; fileRef = D57C319E2896F81800DCBC68 /* vowel.json */; };
		D57C31A32896F81900DCBC68 /* finish.json in Resources */ = {isa = PBXBuildFile; fileRef = D57C319F2896F81900DCBC68 /* finish.json */; };
		D58FDEC0288D43EA00DBBE01 /* Sound.mp3 in Resources */ = {isa = PBXBuildFile; fileRef = D58FDEBF288D43EA00DBBE01 /* Sound.mp3 */; };
		D5CC9509287E9591005E8BF5 /* AppDelegate.swift in Sources */ = {isa = PBXBuildFile; fileRef = D5CC9508287E9591005E8BF5 /* AppDelegate.swift */; };
		D5CC950B287E9591005E8BF5 /* SceneDelegate.swift in Sources */ = {isa = PBXBuildFile; fileRef = D5CC950A287E9591005E8BF5 /* SceneDelegate.swift */; };
		D5CC950D287E9591005E8BF5 /* ViewController.swift in Sources */ = {isa = PBXBuildFile; fileRef = D5CC950C287E9591005E8BF5 /* ViewController.swift */; };
		D5CC9513287E9591005E8BF5 /* HangulTop.xcdatamodeld in Sources */ = {isa = PBXBuildFile; fileRef = D5CC9511287E9591005E8BF5 /* HangulTop.xcdatamodeld */; };
		D5CC9515287E9593005E8BF5 /* Assets.xcassets in Resources */ = {isa = PBXBuildFile; fileRef = D5CC9514287E9593005E8BF5 /* Assets.xcassets */; };
		D5CC9518287E9593005E8BF5 /* LaunchScreen.storyboard in Resources */ = {isa = PBXBuildFile; fileRef = D5CC9516287E9593005E8BF5 /* LaunchScreen.storyboard */; };
		D5E9EE41288F196E0068C47A /* StudyMenuViewController.swift in Sources */ = {isa = PBXBuildFile; fileRef = D5E9EE40288F196E0068C47A /* StudyMenuViewController.swift */; };
		D5E9EE43288F1AA20068C47A /* SyllableStartViewController.swift in Sources */ = {isa = PBXBuildFile; fileRef = D5E9EE42288F1AA20068C47A /* SyllableStartViewController.swift */; };
		D5E9EE45288FC76C0068C47A /* TopMenuViewController.swift in Sources */ = {isa = PBXBuildFile; fileRef = D5E9EE44288FC76C0068C47A /* TopMenuViewController.swift */; };
		D5E9EE52289271050068C47A /* HangulViewController.swift in Sources */ = {isa = PBXBuildFile; fileRef = D5E9EE51289271050068C47A /* HangulViewController.swift */; };
/* End PBXBuildFile section */

/* Begin PBXFileReference section */
		11977D6A2884E3920033CBB6 /* PrincipleViewController.swift */ = {isa = PBXFileReference; lastKnownFileType = sourcecode.swift; path = PrincipleViewController.swift; sourceTree = "<group>"; };
		11977D6C288532890033CBB6 /* PrincipleTexts.swift */ = {isa = PBXFileReference; lastKnownFileType = sourcecode.swift; path = PrincipleTexts.swift; sourceTree = "<group>"; };
		11977D6E28853B120033CBB6 /* PrincipleModel.swift */ = {isa = PBXFileReference; lastKnownFileType = sourcecode.swift; path = PrincipleModel.swift; sourceTree = "<group>"; };
		11B165632886A5CE008D2456 /* PrincipleEndViewController.swift */ = {isa = PBXFileReference; lastKnownFileType = sourcecode.swift; path = PrincipleEndViewController.swift; sourceTree = "<group>"; };
		11B62AA4288E65BD00724875 /* PrincipleCollectionViewCell.swift */ = {isa = PBXFileReference; lastKnownFileType = sourcecode.swift; path = PrincipleCollectionViewCell.swift; sourceTree = "<group>"; };
		11BA068628C84B7100E706AD /* de */ = {isa = PBXFileReference; lastKnownFileType = text.plist.strings; name = de; path = de.lproj/Main.strings; sourceTree = "<group>"; };
		11BA068728C84B7100E706AD /* de */ = {isa = PBXFileReference; lastKnownFileType = text.plist.strings; name = de; path = de.lproj/LaunchScreen.strings; sourceTree = "<group>"; };
		11BA068828C84B7C00E706AD /* it */ = {isa = PBXFileReference; lastKnownFileType = text.plist.strings; name = it; path = it.lproj/Main.strings; sourceTree = "<group>"; };
		11BA068928C84B7C00E706AD /* it */ = {isa = PBXFileReference; lastKnownFileType = text.plist.strings; name = it; path = it.lproj/LaunchScreen.strings; sourceTree = "<group>"; };
		11BA068B28C84BDD00E706AD /* de */ = {isa = PBXFileReference; lastKnownFileType = text.plist.strings; name = de; path = de.lproj/Localizable.strings; sourceTree = "<group>"; };
		11BA068D28C84BE000E706AD /* en */ = {isa = PBXFileReference; lastKnownFileType = text.plist.strings; name = en; path = en.lproj/Localizable.strings; sourceTree = "<group>"; };
		11BA068E28C84BE100E706AD /* it */ = {isa = PBXFileReference; lastKnownFileType = text.plist.strings; name = it; path = it.lproj/Localizable.strings; sourceTree = "<group>"; };
		11BA068F28C84D9400E706AD /* StringExtension.swift */ = {isa = PBXFileReference; lastKnownFileType = sourcecode.swift; path = StringExtension.swift; sourceTree = "<group>"; };
		11BA06A128C8802C00E706AD /* Base */ = {isa = PBXFileReference; lastKnownFileType = file.storyboard; name = Base; path = Base.lproj/Principle.storyboard; sourceTree = "<group>"; };
		11BA06AA28C8806A00E706AD /* Base */ = {isa = PBXFileReference; lastKnownFileType = file.storyboard; name = Base; path = Base.lproj/Vowel.storyboard; sourceTree = "<group>"; };
		11BA06B328C880AE00E706AD /* Base */ = {isa = PBXFileReference; lastKnownFileType = file.storyboard; name = Base; path = Base.lproj/LastVowel.storyboard; sourceTree = "<group>"; };
		11BA06BC28C8820800E706AD /* Base */ = {isa = PBXFileReference; lastKnownFileType = file.storyboard; name = Base; path = Base.lproj/Consonant.storyboard; sourceTree = "<group>"; };
		11BA06BF28C8820A00E706AD /* en */ = {isa = PBXFileReference; lastKnownFileType = text.plist.strings; name = en; path = en.lproj/Consonant.strings; sourceTree = "<group>"; };
		11BA06C128C8823800E706AD /* de */ = {isa = PBXFileReference; lastKnownFileType = text.plist.strings; name = de; path = de.lproj/Consonant.strings; sourceTree = "<group>"; };
		11BA06C328C8823B00E706AD /* it */ = {isa = PBXFileReference; lastKnownFileType = text.plist.strings; name = it; path = it.lproj/Consonant.strings; sourceTree = "<group>"; };
		11BA06C528C8824500E706AD /* Base */ = {isa = PBXFileReference; lastKnownFileType = file.storyboard; name = Base; path = Base.lproj/InformationModal.storyboard; sourceTree = "<group>"; };
		11BA06CE28C8828A00E706AD /* Base */ = {isa = PBXFileReference; lastKnownFileType = file.storyboard; name = Base; path = Base.lproj/Batchim.storyboard; sourceTree = "<group>"; };
		11BA06D728C8831000E706AD /* Base */ = {isa = PBXFileReference; lastKnownFileType = file.storyboard; name = Base; path = Base.lproj/Quiz.storyboard; sourceTree = "<group>"; };
		11BA06DA28C8831200E706AD /* en */ = {isa = PBXFileReference; lastKnownFileType = text.plist.strings; name = en; path = en.lproj/Quiz.strings; sourceTree = "<group>"; };
		11BA06DC28C8834000E706AD /* de */ = {isa = PBXFileReference; lastKnownFileType = text.plist.strings; name = de; path = de.lproj/Quiz.strings; sourceTree = "<group>"; };
		11BA06DE28C883CE00E706AD /* it */ = {isa = PBXFileReference; lastKnownFileType = text.plist.strings; name = it; path = it.lproj/Quiz.strings; sourceTree = "<group>"; };
		11BA06E028C883D700E706AD /* Base */ = {isa = PBXFileReference; lastKnownFileType = file.storyboard; name = Base; path = Base.lproj/HangulView.storyboard; sourceTree = "<group>"; };
		11BA06E328C883DB00E706AD /* en */ = {isa = PBXFileReference; lastKnownFileType = text.plist.strings; name = en; path = en.lproj/HangulView.strings; sourceTree = "<group>"; };
		11BA06E528C8840900E706AD /* de */ = {isa = PBXFileReference; lastKnownFileType = text.plist.strings; name = de; path = de.lproj/HangulView.strings; sourceTree = "<group>"; };
		11BA06E728C8845A00E706AD /* it */ = {isa = PBXFileReference; lastKnownFileType = text.plist.strings; name = it; path = it.lproj/HangulView.strings; sourceTree = "<group>"; };
		11BA06EB28C885BB00E706AD /* Base */ = {isa = PBXFileReference; lastKnownFileType = file.storyboard; name = Base; path = Base.lproj/TopMenu.storyboard; sourceTree = "<group>"; };
		11BA06ED28C88FB600E706AD /* en */ = {isa = PBXFileReference; lastKnownFileType = text.plist.strings; name = en; path = en.lproj/Main.strings; sourceTree = "<group>"; };
		11E03FEA2893AEDC00240DCA /* InformationModalViewController.swift */ = {isa = PBXFileReference; lastKnownFileType = sourcecode.swift; path = InformationModalViewController.swift; sourceTree = "<group>"; };
		11E03FEC2893B6F000240DCA /* InformationModalModel.swift */ = {isa = PBXFileReference; lastKnownFileType = sourcecode.swift; path = InformationModalModel.swift; sourceTree = "<group>"; };
		4D31A731288460D600589672 /* ConsonantViewController.swift */ = {isa = PBXFileReference; lastKnownFileType = sourcecode.swift; path = ConsonantViewController.swift; sourceTree = "<group>"; };
		4D31A7532886C9C900589672 /* CollectionViewCell.swift */ = {isa = PBXFileReference; lastKnownFileType = sourcecode.swift; path = CollectionViewCell.swift; sourceTree = "<group>"; };
		4D31D55C288D9DBC005E2F53 /* QuizViewController.swift */ = {isa = PBXFileReference; lastKnownFileType = sourcecode.swift; path = QuizViewController.swift; sourceTree = "<group>"; };
		4D4927FA2897B01A00FD0175 /* consonant.json */ = {isa = PBXFileReference; fileEncoding = 4; lastKnownFileType = text.json; path = consonant.json; sourceTree = "<group>"; };
		4D4928032898262E00FD0175 /* Base */ = {isa = PBXFileReference; lastKnownFileType = file.storyboard; name = Base; path = Base.lproj/Main.storyboard; sourceTree = "<group>"; };
		4D89B9CE28891CEA00BD37F7 /* ConsonantEndViewController.swift */ = {isa = PBXFileReference; lastKnownFileType = sourcecode.swift; path = ConsonantEndViewController.swift; sourceTree = "<group>"; };
		4D89B9D028891E9B00BD37F7 /* BatchimEndViewController.swift */ = {isa = PBXFileReference; lastKnownFileType = sourcecode.swift; path = BatchimEndViewController.swift; sourceTree = "<group>"; };
		6761C8A9288550F4001A0D2C /* BatchimModel.swift */ = {isa = PBXFileReference; lastKnownFileType = sourcecode.swift; path = BatchimModel.swift; sourceTree = "<group>"; };
		67E52E6C2882BA4300BC1205 /* BatchimViewController.swift */ = {isa = PBXFileReference; lastKnownFileType = sourcecode.swift; path = BatchimViewController.swift; sourceTree = "<group>"; };
		A0177A4528C9FC2B00E5B78E /* es */ = {isa = PBXFileReference; lastKnownFileType = text.plist.strings; name = es; path = es.lproj/Main.strings; sourceTree = "<group>"; };
		A0177A4628C9FC2B00E5B78E /* es */ = {isa = PBXFileReference; lastKnownFileType = text.plist.strings; name = es; path = es.lproj/Consonant.strings; sourceTree = "<group>"; };
		A0177A4728C9FC2B00E5B78E /* es */ = {isa = PBXFileReference; lastKnownFileType = text.plist.strings; name = es; path = es.lproj/Quiz.strings; sourceTree = "<group>"; };
		A0177A4828C9FC2B00E5B78E /* es */ = {isa = PBXFileReference; lastKnownFileType = text.plist.strings; name = es; path = es.lproj/HangulView.strings; sourceTree = "<group>"; };
		A0177A4928C9FC2C00E5B78E /* es */ = {isa = PBXFileReference; lastKnownFileType = text.plist.strings; name = es; path = es.lproj/Localizable.strings; sourceTree = "<group>"; };
		A0177A4A28CA2AAC00E5B78E /* id */ = {isa = PBXFileReference; lastKnownFileType = text.plist.strings; name = id; path = id.lproj/Main.strings; sourceTree = "<group>"; };
		A0177A4B28CA2AAC00E5B78E /* id */ = {isa = PBXFileReference; lastKnownFileType = text.plist.strings; name = id; path = id.lproj/Consonant.strings; sourceTree = "<group>"; };
		A0177A4C28CA2AAC00E5B78E /* id */ = {isa = PBXFileReference; lastKnownFileType = text.plist.strings; name = id; path = id.lproj/Quiz.strings; sourceTree = "<group>"; };
		A0177A4D28CA2AAC00E5B78E /* id */ = {isa = PBXFileReference; lastKnownFileType = text.plist.strings; name = id; path = id.lproj/HangulView.strings; sourceTree = "<group>"; };
		A0177A4E28CA2AAC00E5B78E /* id */ = {isa = PBXFileReference; lastKnownFileType = text.plist.strings; name = id; path = id.lproj/Localizable.strings; sourceTree = "<group>"; };
		A0177A4F28CA2ABC00E5B78E /* ms */ = {isa = PBXFileReference; lastKnownFileType = text.plist.strings; name = ms; path = ms.lproj/Main.strings; sourceTree = "<group>"; };
		A0177A5028CA2ABC00E5B78E /* ms */ = {isa = PBXFileReference; lastKnownFileType = text.plist.strings; name = ms; path = ms.lproj/Consonant.strings; sourceTree = "<group>"; };
		A0177A5128CA2ABC00E5B78E /* ms */ = {isa = PBXFileReference; lastKnownFileType = text.plist.strings; name = ms; path = ms.lproj/Quiz.strings; sourceTree = "<group>"; };
		A0177A5228CA2ABC00E5B78E /* ms */ = {isa = PBXFileReference; lastKnownFileType = text.plist.strings; name = ms; path = ms.lproj/HangulView.strings; sourceTree = "<group>"; };
		A0177A5328CA2ABC00E5B78E /* ms */ = {isa = PBXFileReference; lastKnownFileType = text.plist.strings; name = ms; path = ms.lproj/Localizable.strings; sourceTree = "<group>"; };
		A06C5ABA289301F2008CE8BF /* EBS훈민정음L.otf */ = {isa = PBXFileReference; lastKnownFileType = file; path = "EBS훈민정음L.otf"; sourceTree = "<group>"; };
		A06C5ABB289301F2008CE8BF /* EBS훈민정음SB.otf */ = {isa = PBXFileReference; lastKnownFileType = file; path = "EBS훈민정음SB.otf"; sourceTree = "<group>"; };
		A06C5ABC289301F2008CE8BF /* EBS훈민정음R.otf */ = {isa = PBXFileReference; lastKnownFileType = file; path = "EBS훈민정음R.otf"; sourceTree = "<group>"; };
		A082B9C32882B9FA006F29CC /* VowelViewController.swift */ = {isa = PBXFileReference; lastKnownFileType = sourcecode.swift; path = VowelViewController.swift; sourceTree = "<group>"; };
		A0AFCE8E28873A7300C51FEA /* LastVowelViewController.swift */ = {isa = PBXFileReference; lastKnownFileType = sourcecode.swift; path = LastVowelViewController.swift; sourceTree = "<group>"; };
		D53F61A028CA40F70017D756 /* fr */ = {isa = PBXFileReference; lastKnownFileType = text.plist.strings; name = fr; path = fr.lproj/Main.strings; sourceTree = "<group>"; };
		D53F61A128CA40F70017D756 /* fr */ = {isa = PBXFileReference; lastKnownFileType = text.plist.strings; name = fr; path = fr.lproj/Consonant.strings; sourceTree = "<group>"; };
		D53F61A228CA40F70017D756 /* fr */ = {isa = PBXFileReference; lastKnownFileType = text.plist.strings; name = fr; path = fr.lproj/Quiz.strings; sourceTree = "<group>"; };
		D53F61A328CA40F80017D756 /* fr */ = {isa = PBXFileReference; lastKnownFileType = text.plist.strings; name = fr; path = fr.lproj/HangulView.strings; sourceTree = "<group>"; };
		D53F61A428CA40F80017D756 /* fr */ = {isa = PBXFileReference; lastKnownFileType = text.plist.strings; name = fr; path = fr.lproj/Localizable.strings; sourceTree = "<group>"; };
		D53F61A528CA414F0017D756 /* zh-Hant */ = {isa = PBXFileReference; lastKnownFileType = text.plist.strings; name = "zh-Hant"; path = "zh-Hant.lproj/Main.strings"; sourceTree = "<group>"; };
		D53F61A628CA414F0017D756 /* zh-Hant */ = {isa = PBXFileReference; lastKnownFileType = text.plist.strings; name = "zh-Hant"; path = "zh-Hant.lproj/Consonant.strings"; sourceTree = "<group>"; };
		D53F61A728CA41500017D756 /* zh-Hant */ = {isa = PBXFileReference; lastKnownFileType = text.plist.strings; name = "zh-Hant"; path = "zh-Hant.lproj/Quiz.strings"; sourceTree = "<group>"; };
		D53F61A828CA41500017D756 /* zh-Hant */ = {isa = PBXFileReference; lastKnownFileType = text.plist.strings; name = "zh-Hant"; path = "zh-Hant.lproj/HangulView.strings"; sourceTree = "<group>"; };
		D53F61A928CA41500017D756 /* zh-Hant */ = {isa = PBXFileReference; lastKnownFileType = text.plist.strings; name = "zh-Hant"; path = "zh-Hant.lproj/Localizable.strings"; sourceTree = "<group>"; };
		D57C319A2896F60F00DCBC68 /* LottieManage.swift */ = {isa = PBXFileReference; lastKnownFileType = sourcecode.swift; path = LottieManage.swift; sourceTree = "<group>"; };
		D57C319C2896F81800DCBC68 /* quiz.json */ = {isa = PBXFileReference; fileEncoding = 4; lastKnownFileType = text.json; path = quiz.json; sourceTree = "<group>"; };
		D57C319D2896F81800DCBC68 /* batchim.json */ = {isa = PBXFileReference; fileEncoding = 4; lastKnownFileType = text.json; path = batchim.json; sourceTree = "<group>"; };
		D57C319E2896F81800DCBC68 /* vowel.json */ = {isa = PBXFileReference; fileEncoding = 4; lastKnownFileType = text.json; path = vowel.json; sourceTree = "<group>"; };
		D57C319F2896F81900DCBC68 /* finish.json */ = {isa = PBXFileReference; fileEncoding = 4; lastKnownFileType = text.json; path = finish.json; sourceTree = "<group>"; };
		D58FDEBF288D43EA00DBBE01 /* Sound.mp3 */ = {isa = PBXFileReference; lastKnownFileType = audio.mp3; path = Sound.mp3; sourceTree = "<group>"; };
		D5CC9505287E9591005E8BF5 /* HangulTop.app */ = {isa = PBXFileReference; explicitFileType = wrapper.application; includeInIndex = 0; path = HangulTop.app; sourceTree = BUILT_PRODUCTS_DIR; };
		D5CC9508287E9591005E8BF5 /* AppDelegate.swift */ = {isa = PBXFileReference; lastKnownFileType = sourcecode.swift; path = AppDelegate.swift; sourceTree = "<group>"; };
		D5CC950A287E9591005E8BF5 /* SceneDelegate.swift */ = {isa = PBXFileReference; lastKnownFileType = sourcecode.swift; path = SceneDelegate.swift; sourceTree = "<group>"; };
		D5CC950C287E9591005E8BF5 /* ViewController.swift */ = {isa = PBXFileReference; lastKnownFileType = sourcecode.swift; path = ViewController.swift; sourceTree = "<group>"; };
		D5CC9512287E9591005E8BF5 /* HangulTop.xcdatamodel */ = {isa = PBXFileReference; lastKnownFileType = wrapper.xcdatamodel; path = HangulTop.xcdatamodel; sourceTree = "<group>"; };
		D5CC9514287E9593005E8BF5 /* Assets.xcassets */ = {isa = PBXFileReference; lastKnownFileType = folder.assetcatalog; path = Assets.xcassets; sourceTree = "<group>"; };
		D5CC9517287E9593005E8BF5 /* Base */ = {isa = PBXFileReference; lastKnownFileType = file.storyboard; name = Base; path = Base.lproj/LaunchScreen.storyboard; sourceTree = "<group>"; };
		D5CC9519287E9593005E8BF5 /* Info.plist */ = {isa = PBXFileReference; lastKnownFileType = text.plist.xml; path = Info.plist; sourceTree = "<group>"; };
		D5E9EE40288F196E0068C47A /* StudyMenuViewController.swift */ = {isa = PBXFileReference; lastKnownFileType = sourcecode.swift; path = StudyMenuViewController.swift; sourceTree = "<group>"; };
		D5E9EE42288F1AA20068C47A /* SyllableStartViewController.swift */ = {isa = PBXFileReference; lastKnownFileType = sourcecode.swift; path = SyllableStartViewController.swift; sourceTree = "<group>"; };
		D5E9EE44288FC76C0068C47A /* TopMenuViewController.swift */ = {isa = PBXFileReference; lastKnownFileType = sourcecode.swift; path = TopMenuViewController.swift; sourceTree = "<group>"; };
		D5E9EE51289271050068C47A /* HangulViewController.swift */ = {isa = PBXFileReference; lastKnownFileType = sourcecode.swift; path = HangulViewController.swift; sourceTree = "<group>"; };
/* End PBXFileReference section */

/* Begin PBXFrameworksBuildPhase section */
		D5CC9502287E9591005E8BF5 /* Frameworks */ = {
			isa = PBXFrameworksBuildPhase;
			buildActionMask = 2147483647;
			files = (
				D57C31982896F5A200DCBC68 /* Lottie in Frameworks */,
			);
			runOnlyForDeploymentPostprocessing = 0;
		};
/* End PBXFrameworksBuildPhase section */

/* Begin PBXGroup section */
		11BA068328C84B2900E706AD /* Localization */ = {
			isa = PBXGroup;
			children = (
				11BA068C28C84BDD00E706AD /* Localizable.strings */,
				11BA068F28C84D9400E706AD /* StringExtension.swift */,
			);
			path = Localization;
			sourceTree = "<group>";
		};
		4D31A7202882AAC300589672 /* ViewController */ = {
			isa = PBXGroup;
			children = (
				D5CC950C287E9591005E8BF5 /* ViewController.swift */,
				A0AFCE8E28873A7300C51FEA /* LastVowelViewController.swift */,
				A082B9C32882B9FA006F29CC /* VowelViewController.swift */,
				67E52E6C2882BA4300BC1205 /* BatchimViewController.swift */,
				4D89B9D028891E9B00BD37F7 /* BatchimEndViewController.swift */,
				6761C8A9288550F4001A0D2C /* BatchimModel.swift */,
				4D31A731288460D600589672 /* ConsonantViewController.swift */,
				4D89B9CE28891CEA00BD37F7 /* ConsonantEndViewController.swift */,
				11977D6A2884E3920033CBB6 /* PrincipleViewController.swift */,
				11B165632886A5CE008D2456 /* PrincipleEndViewController.swift */,
				11B62AA4288E65BD00724875 /* PrincipleCollectionViewCell.swift */,
				11977D6E28853B120033CBB6 /* PrincipleModel.swift */,
				11977D6C288532890033CBB6 /* PrincipleTexts.swift */,
				D5E9EE40288F196E0068C47A /* StudyMenuViewController.swift */,
				D5E9EE42288F1AA20068C47A /* SyllableStartViewController.swift */,
				4D31D55C288D9DBC005E2F53 /* QuizViewController.swift */,
				D5E9EE44288FC76C0068C47A /* TopMenuViewController.swift */,
				D5E9EE51289271050068C47A /* HangulViewController.swift */,
				11E03FEA2893AEDC00240DCA /* InformationModalViewController.swift */,
				11E03FEC2893B6F000240DCA /* InformationModalModel.swift */,
			);
			path = ViewController;
			sourceTree = "<group>";
		};
		4D31A7222882AAD900589672 /* Screen */ = {
			isa = PBXGroup;
			children = (
				4D4928042898262E00FD0175 /* Main.storyboard */,
				11BA069728C87F8700E706AD /* TopMenu.storyboard */,
				11BA06A228C8802C00E706AD /* Principle.storyboard */,
				11BA06AB28C8806A00E706AD /* Vowel.storyboard */,
				11BA06B428C880AE00E706AD /* LastVowel.storyboard */,
				11BA06BD28C8820800E706AD /* Consonant.storyboard */,
				11BA06C628C8824500E706AD /* InformationModal.storyboard */,
				11BA06CF28C8828A00E706AD /* Batchim.storyboard */,
				11BA06D828C8831000E706AD /* Quiz.storyboard */,
				11BA06E128C883D700E706AD /* HangulView.storyboard */,
			);
			path = Screen;
			sourceTree = "<group>";
		};
		A06C5AB928930198008CE8BF /* Font */ = {
			isa = PBXGroup;
			children = (
				A06C5ABA289301F2008CE8BF /* EBS훈민정음L.otf */,
				A06C5ABC289301F2008CE8BF /* EBS훈민정음R.otf */,
				A06C5ABB289301F2008CE8BF /* EBS훈민정음SB.otf */,
			);
			path = Font;
			sourceTree = "<group>";
		};
		D57C31992896F5ED00DCBC68 /* LottieManage */ = {
			isa = PBXGroup;
			children = (
				D57C319D2896F81800DCBC68 /* batchim.json */,
				D57C319F2896F81900DCBC68 /* finish.json */,
				D57C319C2896F81800DCBC68 /* quiz.json */,
				D57C319E2896F81800DCBC68 /* vowel.json */,
				4D4927FA2897B01A00FD0175 /* consonant.json */,
				D57C319A2896F60F00DCBC68 /* LottieManage.swift */,
			);
			path = LottieManage;
			sourceTree = "<group>";
		};
		D5CC94FC287E9591005E8BF5 = {
			isa = PBXGroup;
			children = (
				D5CC9507287E9591005E8BF5 /* HangulTop */,
				D5CC9506287E9591005E8BF5 /* Products */,
			);
			sourceTree = "<group>";
		};
		D5CC9506287E9591005E8BF5 /* Products */ = {
			isa = PBXGroup;
			children = (
				D5CC9505287E9591005E8BF5 /* HangulTop.app */,
			);
			name = Products;
			sourceTree = "<group>";
		};
		D5CC9507287E9591005E8BF5 /* HangulTop */ = {
			isa = PBXGroup;
			children = (
				11BA068328C84B2900E706AD /* Localization */,
				D5CC9508287E9591005E8BF5 /* AppDelegate.swift */,
				D5CC950A287E9591005E8BF5 /* SceneDelegate.swift */,
				4D31A7202882AAC300589672 /* ViewController */,
				4D31A7222882AAD900589672 /* Screen */,
				4D31A7532886C9C900589672 /* CollectionViewCell.swift */,
				A06C5AB928930198008CE8BF /* Font */,
				D58FDEBF288D43EA00DBBE01 /* Sound.mp3 */,
				D5CC9514287E9593005E8BF5 /* Assets.xcassets */,
				D5CC9516287E9593005E8BF5 /* LaunchScreen.storyboard */,
				D5CC9519287E9593005E8BF5 /* Info.plist */,
				D57C31992896F5ED00DCBC68 /* LottieManage */,
				D5CC9511287E9591005E8BF5 /* HangulTop.xcdatamodeld */,
			);
			path = HangulTop;
			sourceTree = "<group>";
		};
/* End PBXGroup section */

/* Begin PBXNativeTarget section */
		D5CC9504287E9591005E8BF5 /* HangulTop */ = {
			isa = PBXNativeTarget;
			buildConfigurationList = D5CC951C287E9593005E8BF5 /* Build configuration list for PBXNativeTarget "HangulTop" */;
			buildPhases = (
				D5CC9501287E9591005E8BF5 /* Sources */,
				D5CC9502287E9591005E8BF5 /* Frameworks */,
				D5CC9503287E9591005E8BF5 /* Resources */,
			);
			buildRules = (
			);
			dependencies = (
			);
			name = HangulTop;
			packageProductDependencies = (
				D57C31972896F5A200DCBC68 /* Lottie */,
			);
			productName = HangulTop;
			productReference = D5CC9505287E9591005E8BF5 /* HangulTop.app */;
			productType = "com.apple.product-type.application";
		};
/* End PBXNativeTarget section */

/* Begin PBXProject section */
		D5CC94FD287E9591005E8BF5 /* Project object */ = {
			isa = PBXProject;
			attributes = {
				BuildIndependentTargetsInParallel = 1;
				LastSwiftUpdateCheck = 1340;
				LastUpgradeCheck = 1340;
				TargetAttributes = {
					D5CC9504287E9591005E8BF5 = {
						CreatedOnToolsVersion = 13.4.1;
					};
				};
			};
			buildConfigurationList = D5CC9500287E9591005E8BF5 /* Build configuration list for PBXProject "HangulTop" */;
			compatibilityVersion = "Xcode 13.0";
			developmentRegion = en;
			hasScannedForEncodings = 0;
			knownRegions = (
				en,
				Base,
				de,
				it,
				es,
				id,
				ms,
				fr,
				"zh-Hant",
			);
			mainGroup = D5CC94FC287E9591005E8BF5;
			packageReferences = (
				D57C31962896F5A200DCBC68 /* XCRemoteSwiftPackageReference "lottie-ios" */,
			);
			productRefGroup = D5CC9506287E9591005E8BF5 /* Products */;
			projectDirPath = "";
			projectRoot = "";
			targets = (
				D5CC9504287E9591005E8BF5 /* HangulTop */,
			);
		};
/* End PBXProject section */

/* Begin PBXResourcesBuildPhase section */
		D5CC9503287E9591005E8BF5 /* Resources */ = {
			isa = PBXResourcesBuildPhase;
			buildActionMask = 2147483647;
			files = (
				A06C5ABE289301F2008CE8BF /* EBS훈민정음SB.otf in Resources */,
				11BA06A928C8806A00E706AD /* Vowel.storyboard in Resources */,
				D57C31A32896F81900DCBC68 /* finish.json in Resources */,
				A06C5ABF289301F2008CE8BF /* EBS훈민정음R.otf in Resources */,
				11BA06CD28C8828A00E706AD /* Batchim.storyboard in Resources */,
				11BA069528C87F8700E706AD /* TopMenu.storyboard in Resources */,
				11BA06B228C880AE00E706AD /* LastVowel.storyboard in Resources */,
				11BA06BB28C8820800E706AD /* Consonant.storyboard in Resources */,
				D5CC9518287E9593005E8BF5 /* LaunchScreen.storyboard in Resources */,
				4D4928022898262E00FD0175 /* Main.storyboard in Resources */,
				A06C5ABD289301F2008CE8BF /* EBS훈민정음L.otf in Resources */,
				D58FDEC0288D43EA00DBBE01 /* Sound.mp3 in Resources */,
				11BA06A028C8802C00E706AD /* Principle.storyboard in Resources */,
				11BA068A28C84BDD00E706AD /* Localizable.strings in Resources */,
				11BA06C428C8824500E706AD /* InformationModal.storyboard in Resources */,
				D5CC9515287E9593005E8BF5 /* Assets.xcassets in Resources */,
				D57C31A02896F81900DCBC68 /* quiz.json in Resources */,
				11BA06DF28C883D700E706AD /* HangulView.storyboard in Resources */,
				D57C31A12896F81900DCBC68 /* batchim.json in Resources */,
				4D4927FB2897B01A00FD0175 /* consonant.json in Resources */,
				11BA06D628C8831000E706AD /* Quiz.storyboard in Resources */,
				D57C31A22896F81900DCBC68 /* vowel.json in Resources */,
			);
			runOnlyForDeploymentPostprocessing = 0;
		};
/* End PBXResourcesBuildPhase section */

/* Begin PBXSourcesBuildPhase section */
		D5CC9501287E9591005E8BF5 /* Sources */ = {
			isa = PBXSourcesBuildPhase;
			buildActionMask = 2147483647;
			files = (
				4D31A732288460D600589672 /* ConsonantViewController.swift in Sources */,
				D5E9EE45288FC76C0068C47A /* TopMenuViewController.swift in Sources */,
				D5E9EE43288F1AA20068C47A /* SyllableStartViewController.swift in Sources */,
				11E03FEB2893AEDC00240DCA /* InformationModalViewController.swift in Sources */,
				D5E9EE52289271050068C47A /* HangulViewController.swift in Sources */,
				4D89B9D128891E9B00BD37F7 /* BatchimEndViewController.swift in Sources */,
				D5CC9513287E9591005E8BF5 /* HangulTop.xcdatamodeld in Sources */,
				A0AFCE8F28873A7400C51FEA /* LastVowelViewController.swift in Sources */,
				4D31A7542886C9C900589672 /* CollectionViewCell.swift in Sources */,
				D5CC950D287E9591005E8BF5 /* ViewController.swift in Sources */,
				67E52E6D2882BA4300BC1205 /* BatchimViewController.swift in Sources */,
				11977D6B2884E3920033CBB6 /* PrincipleViewController.swift in Sources */,
				4D89B9CF28891CEA00BD37F7 /* ConsonantEndViewController.swift in Sources */,
				11977D6D288532890033CBB6 /* PrincipleTexts.swift in Sources */,
				11977D6F28853B120033CBB6 /* PrincipleModel.swift in Sources */,
				D5CC9509287E9591005E8BF5 /* AppDelegate.swift in Sources */,
				11B62AA5288E65BD00724875 /* PrincipleCollectionViewCell.swift in Sources */,
				11B165642886A5CE008D2456 /* PrincipleEndViewController.swift in Sources */,
				11E03FED2893B6F000240DCA /* InformationModalModel.swift in Sources */,
				A082B9C42882B9FA006F29CC /* VowelViewController.swift in Sources */,
				D5E9EE41288F196E0068C47A /* StudyMenuViewController.swift in Sources */,
				4D31D55D288D9DBC005E2F53 /* QuizViewController.swift in Sources */,
				D57C319B2896F60F00DCBC68 /* LottieManage.swift in Sources */,
				6761C8AA288550F4001A0D2C /* BatchimModel.swift in Sources */,
				11BA069028C84D9400E706AD /* StringExtension.swift in Sources */,
				D5CC950B287E9591005E8BF5 /* SceneDelegate.swift in Sources */,
			);
			runOnlyForDeploymentPostprocessing = 0;
		};
/* End PBXSourcesBuildPhase section */

/* Begin PBXVariantGroup section */
		11BA068C28C84BDD00E706AD /* Localizable.strings */ = {
			isa = PBXVariantGroup;
			children = (
				11BA068B28C84BDD00E706AD /* de */,
				11BA068D28C84BE000E706AD /* en */,
				11BA068E28C84BE100E706AD /* it */,
				A0177A4928C9FC2C00E5B78E /* es */,
				A0177A4E28CA2AAC00E5B78E /* id */,
				A0177A5328CA2ABC00E5B78E /* ms */,
				D53F61A428CA40F80017D756 /* fr */,
				D53F61A928CA41500017D756 /* zh-Hant */,
			);
			name = Localizable.strings;
			sourceTree = "<group>";
		};
		11BA069728C87F8700E706AD /* TopMenu.storyboard */ = {
			isa = PBXVariantGroup;
			children = (
				11BA06EB28C885BB00E706AD /* Base */,
			);
			name = TopMenu.storyboard;
			sourceTree = "<group>";
		};
		11BA06A228C8802C00E706AD /* Principle.storyboard */ = {
			isa = PBXVariantGroup;
			children = (
				11BA06A128C8802C00E706AD /* Base */,
			);
			name = Principle.storyboard;
			sourceTree = "<group>";
		};
		11BA06AB28C8806A00E706AD /* Vowel.storyboard */ = {
			isa = PBXVariantGroup;
			children = (
				11BA06AA28C8806A00E706AD /* Base */,
			);
			name = Vowel.storyboard;
			sourceTree = "<group>";
		};
		11BA06B428C880AE00E706AD /* LastVowel.storyboard */ = {
			isa = PBXVariantGroup;
			children = (
				11BA06B328C880AE00E706AD /* Base */,
			);
			name = LastVowel.storyboard;
			sourceTree = "<group>";
		};
		11BA06BD28C8820800E706AD /* Consonant.storyboard */ = {
			isa = PBXVariantGroup;
			children = (
				11BA06BC28C8820800E706AD /* Base */,
				11BA06BF28C8820A00E706AD /* en */,
				11BA06C128C8823800E706AD /* de */,
				11BA06C328C8823B00E706AD /* it */,
				A0177A4628C9FC2B00E5B78E /* es */,
				A0177A4B28CA2AAC00E5B78E /* id */,
				A0177A5028CA2ABC00E5B78E /* ms */,
				D53F61A128CA40F70017D756 /* fr */,
				D53F61A628CA414F0017D756 /* zh-Hant */,
			);
			name = Consonant.storyboard;
			sourceTree = "<group>";
		};
		11BA06C628C8824500E706AD /* InformationModal.storyboard */ = {
			isa = PBXVariantGroup;
			children = (
				11BA06C528C8824500E706AD /* Base */,
			);
			name = InformationModal.storyboard;
			sourceTree = "<group>";
		};
		11BA06CF28C8828A00E706AD /* Batchim.storyboard */ = {
			isa = PBXVariantGroup;
			children = (
				11BA06CE28C8828A00E706AD /* Base */,
			);
			name = Batchim.storyboard;
			sourceTree = "<group>";
		};
		11BA06D828C8831000E706AD /* Quiz.storyboard */ = {
			isa = PBXVariantGroup;
			children = (
				11BA06D728C8831000E706AD /* Base */,
				11BA06DA28C8831200E706AD /* en */,
				11BA06DC28C8834000E706AD /* de */,
				11BA06DE28C883CE00E706AD /* it */,
				A0177A4728C9FC2B00E5B78E /* es */,
				A0177A4C28CA2AAC00E5B78E /* id */,
				A0177A5128CA2ABC00E5B78E /* ms */,
				D53F61A228CA40F70017D756 /* fr */,
				D53F61A728CA41500017D756 /* zh-Hant */,
			);
			name = Quiz.storyboard;
			sourceTree = "<group>";
		};
		11BA06E128C883D700E706AD /* HangulView.storyboard */ = {
			isa = PBXVariantGroup;
			children = (
				11BA06E028C883D700E706AD /* Base */,
				11BA06E328C883DB00E706AD /* en */,
				11BA06E528C8840900E706AD /* de */,
				11BA06E728C8845A00E706AD /* it */,
				A0177A4828C9FC2B00E5B78E /* es */,
				A0177A4D28CA2AAC00E5B78E /* id */,
				A0177A5228CA2ABC00E5B78E /* ms */,
				D53F61A328CA40F80017D756 /* fr */,
				D53F61A828CA41500017D756 /* zh-Hant */,
			);
			name = HangulView.storyboard;
			sourceTree = "<group>";
		};
		4D4928042898262E00FD0175 /* Main.storyboard */ = {
			isa = PBXVariantGroup;
			children = (
				4D4928032898262E00FD0175 /* Base */,
				11BA068628C84B7100E706AD /* de */,
				11BA068828C84B7C00E706AD /* it */,
				11BA06ED28C88FB600E706AD /* en */,
				A0177A4528C9FC2B00E5B78E /* es */,
				A0177A4A28CA2AAC00E5B78E /* id */,
				A0177A4F28CA2ABC00E5B78E /* ms */,
				D53F61A028CA40F70017D756 /* fr */,
				D53F61A528CA414F0017D756 /* zh-Hant */,
			);
			name = Main.storyboard;
			sourceTree = "<group>";
		};
		D5CC9516287E9593005E8BF5 /* LaunchScreen.storyboard */ = {
			isa = PBXVariantGroup;
			children = (
				D5CC9517287E9593005E8BF5 /* Base */,
				11BA068728C84B7100E706AD /* de */,
				11BA068928C84B7C00E706AD /* it */,
			);
			name = LaunchScreen.storyboard;
			sourceTree = "<group>";
		};
/* End PBXVariantGroup section */

/* Begin XCBuildConfiguration section */
		D5CC951A287E9593005E8BF5 /* Debug */ = {
			isa = XCBuildConfiguration;
			buildSettings = {
				ALWAYS_SEARCH_USER_PATHS = NO;
				CLANG_ANALYZER_LOCALIZABILITY_NONLOCALIZED = YES;
				CLANG_ANALYZER_NONNULL = YES;
				CLANG_ANALYZER_NUMBER_OBJECT_CONVERSION = YES_AGGRESSIVE;
				CLANG_CXX_LANGUAGE_STANDARD = "gnu++17";
				CLANG_ENABLE_MODULES = YES;
				CLANG_ENABLE_OBJC_ARC = YES;
				CLANG_ENABLE_OBJC_WEAK = YES;
				CLANG_WARN_BLOCK_CAPTURE_AUTORELEASING = YES;
				CLANG_WARN_BOOL_CONVERSION = YES;
				CLANG_WARN_COMMA = YES;
				CLANG_WARN_CONSTANT_CONVERSION = YES;
				CLANG_WARN_DEPRECATED_OBJC_IMPLEMENTATIONS = YES;
				CLANG_WARN_DIRECT_OBJC_ISA_USAGE = YES_ERROR;
				CLANG_WARN_DOCUMENTATION_COMMENTS = YES;
				CLANG_WARN_EMPTY_BODY = YES;
				CLANG_WARN_ENUM_CONVERSION = YES;
				CLANG_WARN_INFINITE_RECURSION = YES;
				CLANG_WARN_INT_CONVERSION = YES;
				CLANG_WARN_NON_LITERAL_NULL_CONVERSION = YES;
				CLANG_WARN_OBJC_IMPLICIT_RETAIN_SELF = YES;
				CLANG_WARN_OBJC_LITERAL_CONVERSION = YES;
				CLANG_WARN_OBJC_ROOT_CLASS = YES_ERROR;
				CLANG_WARN_QUOTED_INCLUDE_IN_FRAMEWORK_HEADER = YES;
				CLANG_WARN_RANGE_LOOP_ANALYSIS = YES;
				CLANG_WARN_STRICT_PROTOTYPES = YES;
				CLANG_WARN_SUSPICIOUS_MOVE = YES;
				CLANG_WARN_UNGUARDED_AVAILABILITY = YES_AGGRESSIVE;
				CLANG_WARN_UNREACHABLE_CODE = YES;
				CLANG_WARN__DUPLICATE_METHOD_MATCH = YES;
				COPY_PHASE_STRIP = NO;
				DEBUG_INFORMATION_FORMAT = dwarf;
				ENABLE_STRICT_OBJC_MSGSEND = YES;
				ENABLE_TESTABILITY = YES;
				GCC_C_LANGUAGE_STANDARD = gnu11;
				GCC_DYNAMIC_NO_PIC = NO;
				GCC_NO_COMMON_BLOCKS = YES;
				GCC_OPTIMIZATION_LEVEL = 0;
				GCC_PREPROCESSOR_DEFINITIONS = (
					"DEBUG=1",
					"$(inherited)",
				);
				GCC_WARN_64_TO_32_BIT_CONVERSION = YES;
				GCC_WARN_ABOUT_RETURN_TYPE = YES_ERROR;
				GCC_WARN_UNDECLARED_SELECTOR = YES;
				GCC_WARN_UNINITIALIZED_AUTOS = YES_AGGRESSIVE;
				GCC_WARN_UNUSED_FUNCTION = YES;
				GCC_WARN_UNUSED_VARIABLE = YES;
				IPHONEOS_DEPLOYMENT_TARGET = 13.0;
				MTL_ENABLE_DEBUG_INFO = INCLUDE_SOURCE;
				MTL_FAST_MATH = YES;
				ONLY_ACTIVE_ARCH = YES;
				SDKROOT = iphoneos;
				SWIFT_ACTIVE_COMPILATION_CONDITIONS = DEBUG;
				SWIFT_OPTIMIZATION_LEVEL = "-Onone";
			};
			name = Debug;
		};
		D5CC951B287E9593005E8BF5 /* Release */ = {
			isa = XCBuildConfiguration;
			buildSettings = {
				ALWAYS_SEARCH_USER_PATHS = NO;
				CLANG_ANALYZER_LOCALIZABILITY_NONLOCALIZED = YES;
				CLANG_ANALYZER_NONNULL = YES;
				CLANG_ANALYZER_NUMBER_OBJECT_CONVERSION = YES_AGGRESSIVE;
				CLANG_CXX_LANGUAGE_STANDARD = "gnu++17";
				CLANG_ENABLE_MODULES = YES;
				CLANG_ENABLE_OBJC_ARC = YES;
				CLANG_ENABLE_OBJC_WEAK = YES;
				CLANG_WARN_BLOCK_CAPTURE_AUTORELEASING = YES;
				CLANG_WARN_BOOL_CONVERSION = YES;
				CLANG_WARN_COMMA = YES;
				CLANG_WARN_CONSTANT_CONVERSION = YES;
				CLANG_WARN_DEPRECATED_OBJC_IMPLEMENTATIONS = YES;
				CLANG_WARN_DIRECT_OBJC_ISA_USAGE = YES_ERROR;
				CLANG_WARN_DOCUMENTATION_COMMENTS = YES;
				CLANG_WARN_EMPTY_BODY = YES;
				CLANG_WARN_ENUM_CONVERSION = YES;
				CLANG_WARN_INFINITE_RECURSION = YES;
				CLANG_WARN_INT_CONVERSION = YES;
				CLANG_WARN_NON_LITERAL_NULL_CONVERSION = YES;
				CLANG_WARN_OBJC_IMPLICIT_RETAIN_SELF = YES;
				CLANG_WARN_OBJC_LITERAL_CONVERSION = YES;
				CLANG_WARN_OBJC_ROOT_CLASS = YES_ERROR;
				CLANG_WARN_QUOTED_INCLUDE_IN_FRAMEWORK_HEADER = YES;
				CLANG_WARN_RANGE_LOOP_ANALYSIS = YES;
				CLANG_WARN_STRICT_PROTOTYPES = YES;
				CLANG_WARN_SUSPICIOUS_MOVE = YES;
				CLANG_WARN_UNGUARDED_AVAILABILITY = YES_AGGRESSIVE;
				CLANG_WARN_UNREACHABLE_CODE = YES;
				CLANG_WARN__DUPLICATE_METHOD_MATCH = YES;
				COPY_PHASE_STRIP = NO;
				DEBUG_INFORMATION_FORMAT = "dwarf-with-dsym";
				ENABLE_NS_ASSERTIONS = NO;
				ENABLE_STRICT_OBJC_MSGSEND = YES;
				GCC_C_LANGUAGE_STANDARD = gnu11;
				GCC_NO_COMMON_BLOCKS = YES;
				GCC_WARN_64_TO_32_BIT_CONVERSION = YES;
				GCC_WARN_ABOUT_RETURN_TYPE = YES_ERROR;
				GCC_WARN_UNDECLARED_SELECTOR = YES;
				GCC_WARN_UNINITIALIZED_AUTOS = YES_AGGRESSIVE;
				GCC_WARN_UNUSED_FUNCTION = YES;
				GCC_WARN_UNUSED_VARIABLE = YES;
				IPHONEOS_DEPLOYMENT_TARGET = 13.0;
				MTL_ENABLE_DEBUG_INFO = NO;
				MTL_FAST_MATH = YES;
				SDKROOT = iphoneos;
				SWIFT_COMPILATION_MODE = wholemodule;
				SWIFT_OPTIMIZATION_LEVEL = "-O";
				VALIDATE_PRODUCT = YES;
			};
			name = Release;
		};
		D5CC951D287E9593005E8BF5 /* Debug */ = {
			isa = XCBuildConfiguration;
			buildSettings = {
				ASSETCATALOG_COMPILER_APPICON_NAME = AppIcon;
				ASSETCATALOG_COMPILER_GLOBAL_ACCENT_COLOR_NAME = AccentColor;
				CODE_SIGN_IDENTITY = "Apple Development";
				CODE_SIGN_STYLE = Automatic;
				CURRENT_PROJECT_VERSION = 1;
				DEVELOPMENT_TEAM = 5N5TS7Y4MA;
				GENERATE_INFOPLIST_FILE = YES;
				INFOPLIST_FILE = HangulTop/Info.plist;
				INFOPLIST_KEY_CFBundleDisplayName = HangulKing;
				INFOPLIST_KEY_NSMicrophoneUsageDescription = "Use Record";
				INFOPLIST_KEY_UIApplicationSupportsIndirectInputEvents = YES;
				INFOPLIST_KEY_UILaunchStoryboardName = LaunchScreen;
				INFOPLIST_KEY_UIMainStoryboardFile = Main;
				INFOPLIST_KEY_UISupportedInterfaceOrientations_iPad = "UIInterfaceOrientationPortrait UIInterfaceOrientationPortraitUpsideDown UIInterfaceOrientationLandscapeLeft UIInterfaceOrientationLandscapeRight";
				INFOPLIST_KEY_UISupportedInterfaceOrientations_iPhone = "UIInterfaceOrientationPortrait UIInterfaceOrientationLandscapeLeft UIInterfaceOrientationLandscapeRight";
				INFOPLIST_KEY_UIUserInterfaceStyle = Light;
				LD_RUNPATH_SEARCH_PATHS = (
					"$(inherited)",
					"@executable_path/Frameworks",
				);
				MARKETING_VERSION = 1.0;
				PRODUCT_BUNDLE_IDENTIFIER = com.CheokCheok.HangulKing;
				PRODUCT_NAME = "$(TARGET_NAME)";
				PROVISIONING_PROFILE_SPECIFIER = "";
				SWIFT_EMIT_LOC_STRINGS = YES;
				SWIFT_VERSION = 5.0;
				TARGETED_DEVICE_FAMILY = 1;
			};
			name = Debug;
		};
		D5CC951E287E9593005E8BF5 /* Release */ = {
			isa = XCBuildConfiguration;
			buildSettings = {
				ASSETCATALOG_COMPILER_APPICON_NAME = AppIcon;
				ASSETCATALOG_COMPILER_GLOBAL_ACCENT_COLOR_NAME = AccentColor;
				CODE_SIGN_IDENTITY = "Apple Development";
				CODE_SIGN_STYLE = Automatic;
				CURRENT_PROJECT_VERSION = 1;
				DEVELOPMENT_TEAM = 5N5TS7Y4MA;
				GENERATE_INFOPLIST_FILE = YES;
				INFOPLIST_FILE = HangulTop/Info.plist;
				INFOPLIST_KEY_CFBundleDisplayName = HangulKing;
				INFOPLIST_KEY_NSMicrophoneUsageDescription = "Use Record";
				INFOPLIST_KEY_UIApplicationSupportsIndirectInputEvents = YES;
				INFOPLIST_KEY_UILaunchStoryboardName = LaunchScreen;
				INFOPLIST_KEY_UIMainStoryboardFile = Main;
				INFOPLIST_KEY_UISupportedInterfaceOrientations_iPad = "UIInterfaceOrientationPortrait UIInterfaceOrientationPortraitUpsideDown UIInterfaceOrientationLandscapeLeft UIInterfaceOrientationLandscapeRight";
				INFOPLIST_KEY_UISupportedInterfaceOrientations_iPhone = "UIInterfaceOrientationPortrait UIInterfaceOrientationLandscapeLeft UIInterfaceOrientationLandscapeRight";
				INFOPLIST_KEY_UIUserInterfaceStyle = Light;
				LD_RUNPATH_SEARCH_PATHS = (
					"$(inherited)",
					"@executable_path/Frameworks",
				);
				MARKETING_VERSION = 1.0;
				PRODUCT_BUNDLE_IDENTIFIER = com.CheokCheok.HangulKing;
				PRODUCT_NAME = "$(TARGET_NAME)";
				PROVISIONING_PROFILE_SPECIFIER = "";
				SWIFT_EMIT_LOC_STRINGS = YES;
				SWIFT_VERSION = 5.0;
				TARGETED_DEVICE_FAMILY = 1;
			};
			name = Release;
		};
/* End XCBuildConfiguration section */

/* Begin XCConfigurationList section */
		D5CC9500287E9591005E8BF5 /* Build configuration list for PBXProject "HangulTop" */ = {
			isa = XCConfigurationList;
			buildConfigurations = (
				D5CC951A287E9593005E8BF5 /* Debug */,
				D5CC951B287E9593005E8BF5 /* Release */,
			);
			defaultConfigurationIsVisible = 0;
			defaultConfigurationName = Release;
		};
		D5CC951C287E9593005E8BF5 /* Build configuration list for PBXNativeTarget "HangulTop" */ = {
			isa = XCConfigurationList;
			buildConfigurations = (
				D5CC951D287E9593005E8BF5 /* Debug */,
				D5CC951E287E9593005E8BF5 /* Release */,
			);
			defaultConfigurationIsVisible = 0;
			defaultConfigurationName = Release;
		};
/* End XCConfigurationList section */

/* Begin XCRemoteSwiftPackageReference section */
		D57C31962896F5A200DCBC68 /* XCRemoteSwiftPackageReference "lottie-ios" */ = {
			isa = XCRemoteSwiftPackageReference;
			repositoryURL = "https://github.com/airbnb/lottie-ios";
			requirement = {
				kind = exactVersion;
				version = 3.4.1;
			};
		};
/* End XCRemoteSwiftPackageReference section */

/* Begin XCSwiftPackageProductDependency section */
		D57C31972896F5A200DCBC68 /* Lottie */ = {
			isa = XCSwiftPackageProductDependency;
			package = D57C31962896F5A200DCBC68 /* XCRemoteSwiftPackageReference "lottie-ios" */;
			productName = Lottie;
		};
/* End XCSwiftPackageProductDependency section */

/* Begin XCVersionGroup section */
		D5CC9511287E9591005E8BF5 /* HangulTop.xcdatamodeld */ = {
			isa = XCVersionGroup;
			children = (
				D5CC9512287E9591005E8BF5 /* HangulTop.xcdatamodel */,
			);
			currentVersion = D5CC9512287E9591005E8BF5 /* HangulTop.xcdatamodel */;
			path = HangulTop.xcdatamodeld;
			sourceTree = "<group>";
			versionGroupType = wrapper.xcdatamodel;
		};
/* End XCVersionGroup section */
	};
	rootObject = D5CC94FD287E9591005E8BF5 /* Project object */;
}
